// !$*UTF8*$!
{
	archiveVersion = 1;
	classes = {
	};
	objectVersion = 56;
	objects = {

/* Begin PBXBuildFile section */
		FB35A0D82BB40D5200F3C5CD /* WeatherAppApp.swift in Sources */ = {isa = PBXBuildFile; fileRef = FB35A0D72BB40D5200F3C5CD /* WeatherAppApp.swift */; };
		FB35A0DE2BB40D5300F3C5CD /* Assets.xcassets in Resources */ = {isa = PBXBuildFile; fileRef = FB35A0DD2BB40D5300F3C5CD /* Assets.xcassets */; };
		FB35A0E12BB40D5300F3C5CD /* Preview Assets.xcassets in Resources */ = {isa = PBXBuildFile; fileRef = FB35A0E02BB40D5300F3C5CD /* Preview Assets.xcassets */; };
		FB35A0EC2BB410FA00F3C5CD /* WeatherSearchView.swift in Sources */ = {isa = PBXBuildFile; fileRef = FB35A0EB2BB410FA00F3C5CD /* WeatherSearchView.swift */; };
		FB35A0EF2BB416CC00F3C5CD /* Localization.swift in Sources */ = {isa = PBXBuildFile; fileRef = FB35A0EE2BB416CC00F3C5CD /* Localization.swift */; };
		FB35A0F22BB443FC00F3C5CD /* WeatherCityInfoCard.swift in Sources */ = {isa = PBXBuildFile; fileRef = FB35A0F12BB443FC00F3C5CD /* WeatherCityInfoCard.swift */; };
		FB35A0F42BB4445400F3C5CD /* CityNameCard.swift in Sources */ = {isa = PBXBuildFile; fileRef = FB35A0F32BB4445400F3C5CD /* CityNameCard.swift */; };
		FB35A0F62BB4452F00F3C5CD /* WeatherSearchViewModel.swift in Sources */ = {isa = PBXBuildFile; fileRef = FB35A0F52BB4452F00F3C5CD /* WeatherSearchViewModel.swift */; };
		FB35A0F82BB460D700F3C5CD /* WeatherSearchRepository.swift in Sources */ = {isa = PBXBuildFile; fileRef = FB35A0F72BB460D700F3C5CD /* WeatherSearchRepository.swift */; };
		FB35A0FB2BB460F900F3C5CD /* Jaal in Frameworks */ = {isa = PBXBuildFile; productRef = FB35A0FA2BB460F900F3C5CD /* Jaal */; };
		FB35A0FD2BB4623B00F3C5CD /* WeatherLocation.swift in Sources */ = {isa = PBXBuildFile; fileRef = FB35A0FC2BB4623B00F3C5CD /* WeatherLocation.swift */; };
		FB35A1002BB462E700F3C5CD /* CommonExtentions.swift in Sources */ = {isa = PBXBuildFile; fileRef = FB35A0FF2BB462E700F3C5CD /* CommonExtentions.swift */; };
		FB35A1022BB4633800F3C5CD /* NetworkConstants.swift in Sources */ = {isa = PBXBuildFile; fileRef = FB35A1012BB4633800F3C5CD /* NetworkConstants.swift */; };
		FB35A1042BB4650700F3C5CD /* DependencyInjection.swift in Sources */ = {isa = PBXBuildFile; fileRef = FB35A1032BB4650700F3C5CD /* DependencyInjection.swift */; };
		FB35A1062BB4658600F3C5CD /* WeatherSearchInjectables.swift in Sources */ = {isa = PBXBuildFile; fileRef = FB35A1052BB4658600F3C5CD /* WeatherSearchInjectables.swift */; };
		FB35A10B2BB5766800F3C5CD /* WeatherDetailsView.swift in Sources */ = {isa = PBXBuildFile; fileRef = FB35A10A2BB5766800F3C5CD /* WeatherDetailsView.swift */; };
		FB35A10D2BB5B51F00F3C5CD /* HeaderView.swift in Sources */ = {isa = PBXBuildFile; fileRef = FB35A10C2BB5B51F00F3C5CD /* HeaderView.swift */; };
		FB35A10F2BB5C25800F3C5CD /* FutureForecastGroupView.swift in Sources */ = {isa = PBXBuildFile; fileRef = FB35A10E2BB5C25800F3C5CD /* FutureForecastGroupView.swift */; };
		FB35A1122BB6E7FD00F3C5CD /* PrecipitationInfoView.swift in Sources */ = {isa = PBXBuildFile; fileRef = FB35A1112BB6E7FD00F3C5CD /* PrecipitationInfoView.swift */; };
		FB35A1142BB6F2CE00F3C5CD /* WindInfoView.swift in Sources */ = {isa = PBXBuildFile; fileRef = FB35A1132BB6F2CE00F3C5CD /* WindInfoView.swift */; };
		FB35A1162BB6F38A00F3C5CD /* UVIndexInfoView.swift in Sources */ = {isa = PBXBuildFile; fileRef = FB35A1152BB6F38A00F3C5CD /* UVIndexInfoView.swift */; };
		FB35A1182BB6F3DB00F3C5CD /* SunSetRiseInfoView.swift in Sources */ = {isa = PBXBuildFile; fileRef = FB35A1172BB6F3DB00F3C5CD /* SunSetRiseInfoView.swift */; };
		FB35A11A2BB7F28A00F3C5CD /* AlertInfoView.swift in Sources */ = {isa = PBXBuildFile; fileRef = FB35A1192BB7F28A00F3C5CD /* AlertInfoView.swift */; };
		FB35A11C2BB7FDA400F3C5CD /* WeatherDetailsViewModel.swift in Sources */ = {isa = PBXBuildFile; fileRef = FB35A11B2BB7FDA400F3C5CD /* WeatherDetailsViewModel.swift */; };
		FB35A1202BB824EC00F3C5CD /* WeatherDetailsRepository.swift in Sources */ = {isa = PBXBuildFile; fileRef = FB35A11F2BB824EC00F3C5CD /* WeatherDetailsRepository.swift */; };
		FB35A1232BB829B600F3C5CD /* WeatherDetailResponse.swift in Sources */ = {isa = PBXBuildFile; fileRef = FB35A1222BB829B600F3C5CD /* WeatherDetailResponse.swift */; };
		FB35A1252BB82AC800F3C5CD /* WeatherDetailInjectables.swift in Sources */ = {isa = PBXBuildFile; fileRef = FB35A1242BB82AC800F3C5CD /* WeatherDetailInjectables.swift */; };
		FB35A1272BB88CBB00F3C5CD /* DataModels.swift in Sources */ = {isa = PBXBuildFile; fileRef = FB35A1262BB88CBB00F3C5CD /* DataModels.swift */; };
/* End PBXBuildFile section */

/* Begin PBXFileReference section */
		FB35A0D42BB40D5200F3C5CD /* WeatherApp.app */ = {isa = PBXFileReference; explicitFileType = wrapper.application; includeInIndex = 0; path = WeatherApp.app; sourceTree = BUILT_PRODUCTS_DIR; };
		FB35A0D72BB40D5200F3C5CD /* WeatherAppApp.swift */ = {isa = PBXFileReference; lastKnownFileType = sourcecode.swift; path = WeatherAppApp.swift; sourceTree = "<group>"; };
		FB35A0DD2BB40D5300F3C5CD /* Assets.xcassets */ = {isa = PBXFileReference; lastKnownFileType = folder.assetcatalog; path = Assets.xcassets; sourceTree = "<group>"; };
		FB35A0E02BB40D5300F3C5CD /* Preview Assets.xcassets */ = {isa = PBXFileReference; lastKnownFileType = folder.assetcatalog; path = "Preview Assets.xcassets"; sourceTree = "<group>"; };
		FB35A0EB2BB410FA00F3C5CD /* WeatherSearchView.swift */ = {isa = PBXFileReference; lastKnownFileType = sourcecode.swift; path = WeatherSearchView.swift; sourceTree = "<group>"; };
		FB35A0EE2BB416CC00F3C5CD /* Localization.swift */ = {isa = PBXFileReference; lastKnownFileType = sourcecode.swift; path = Localization.swift; sourceTree = "<group>"; };
		FB35A0F12BB443FC00F3C5CD /* WeatherCityInfoCard.swift */ = {isa = PBXFileReference; lastKnownFileType = sourcecode.swift; path = WeatherCityInfoCard.swift; sourceTree = "<group>"; };
		FB35A0F32BB4445400F3C5CD /* CityNameCard.swift */ = {isa = PBXFileReference; lastKnownFileType = sourcecode.swift; path = CityNameCard.swift; sourceTree = "<group>"; };
		FB35A0F52BB4452F00F3C5CD /* WeatherSearchViewModel.swift */ = {isa = PBXFileReference; lastKnownFileType = sourcecode.swift; path = WeatherSearchViewModel.swift; sourceTree = "<group>"; };
		FB35A0F72BB460D700F3C5CD /* WeatherSearchRepository.swift */ = {isa = PBXFileReference; lastKnownFileType = sourcecode.swift; path = WeatherSearchRepository.swift; sourceTree = "<group>"; };
		FB35A0FC2BB4623B00F3C5CD /* WeatherLocation.swift */ = {isa = PBXFileReference; lastKnownFileType = sourcecode.swift; path = WeatherLocation.swift; sourceTree = "<group>"; };
		FB35A0FF2BB462E700F3C5CD /* CommonExtentions.swift */ = {isa = PBXFileReference; lastKnownFileType = sourcecode.swift; path = CommonExtentions.swift; sourceTree = "<group>"; };
		FB35A1012BB4633800F3C5CD /* NetworkConstants.swift */ = {isa = PBXFileReference; lastKnownFileType = sourcecode.swift; path = NetworkConstants.swift; sourceTree = "<group>"; };
		FB35A1032BB4650700F3C5CD /* DependencyInjection.swift */ = {isa = PBXFileReference; lastKnownFileType = sourcecode.swift; path = DependencyInjection.swift; sourceTree = "<group>"; };
		FB35A1052BB4658600F3C5CD /* WeatherSearchInjectables.swift */ = {isa = PBXFileReference; lastKnownFileType = sourcecode.swift; path = WeatherSearchInjectables.swift; sourceTree = "<group>"; };
		FB35A10A2BB5766800F3C5CD /* WeatherDetailsView.swift */ = {isa = PBXFileReference; lastKnownFileType = sourcecode.swift; path = WeatherDetailsView.swift; sourceTree = "<group>"; };
		FB35A10C2BB5B51F00F3C5CD /* HeaderView.swift */ = {isa = PBXFileReference; lastKnownFileType = sourcecode.swift; path = HeaderView.swift; sourceTree = "<group>"; };
		FB35A10E2BB5C25800F3C5CD /* FutureForecastGroupView.swift */ = {isa = PBXFileReference; lastKnownFileType = sourcecode.swift; path = FutureForecastGroupView.swift; sourceTree = "<group>"; };
		FB35A1112BB6E7FD00F3C5CD /* PrecipitationInfoView.swift */ = {isa = PBXFileReference; lastKnownFileType = sourcecode.swift; path = PrecipitationInfoView.swift; sourceTree = "<group>"; };
		FB35A1132BB6F2CE00F3C5CD /* WindInfoView.swift */ = {isa = PBXFileReference; lastKnownFileType = sourcecode.swift; path = WindInfoView.swift; sourceTree = "<group>"; };
		FB35A1152BB6F38A00F3C5CD /* UVIndexInfoView.swift */ = {isa = PBXFileReference; lastKnownFileType = sourcecode.swift; path = UVIndexInfoView.swift; sourceTree = "<group>"; };
		FB35A1172BB6F3DB00F3C5CD /* SunSetRiseInfoView.swift */ = {isa = PBXFileReference; lastKnownFileType = sourcecode.swift; path = SunSetRiseInfoView.swift; sourceTree = "<group>"; };
		FB35A1192BB7F28A00F3C5CD /* AlertInfoView.swift */ = {isa = PBXFileReference; lastKnownFileType = sourcecode.swift; path = AlertInfoView.swift; sourceTree = "<group>"; };
		FB35A11B2BB7FDA400F3C5CD /* WeatherDetailsViewModel.swift */ = {isa = PBXFileReference; lastKnownFileType = sourcecode.swift; path = WeatherDetailsViewModel.swift; sourceTree = "<group>"; };
		FB35A11F2BB824EC00F3C5CD /* WeatherDetailsRepository.swift */ = {isa = PBXFileReference; lastKnownFileType = sourcecode.swift; path = WeatherDetailsRepository.swift; sourceTree = "<group>"; };
		FB35A1222BB829B600F3C5CD /* WeatherDetailResponse.swift */ = {isa = PBXFileReference; lastKnownFileType = sourcecode.swift; path = WeatherDetailResponse.swift; sourceTree = "<group>"; };
		FB35A1242BB82AC800F3C5CD /* WeatherDetailInjectables.swift */ = {isa = PBXFileReference; lastKnownFileType = sourcecode.swift; path = WeatherDetailInjectables.swift; sourceTree = "<group>"; };
		FB35A1262BB88CBB00F3C5CD /* DataModels.swift */ = {isa = PBXFileReference; lastKnownFileType = sourcecode.swift; path = DataModels.swift; sourceTree = "<group>"; };
/* End PBXFileReference section */

/* Begin PBXFrameworksBuildPhase section */
		FB35A0D12BB40D5200F3C5CD /* Frameworks */ = {
			isa = PBXFrameworksBuildPhase;
			buildActionMask = 2147483647;
			files = (
				FB35A0FB2BB460F900F3C5CD /* Jaal in Frameworks */,
			);
			runOnlyForDeploymentPostprocessing = 0;
		};
/* End PBXFrameworksBuildPhase section */

/* Begin PBXGroup section */
		FB35A0CB2BB40D5200F3C5CD = {
			isa = PBXGroup;
			children = (
				FB35A0D62BB40D5200F3C5CD /* WeatherApp */,
				FB35A0D52BB40D5200F3C5CD /* Products */,
			);
			sourceTree = "<group>";
		};
		FB35A0D52BB40D5200F3C5CD /* Products */ = {
			isa = PBXGroup;
			children = (
				FB35A0D42BB40D5200F3C5CD /* WeatherApp.app */,
			);
			name = Products;
			sourceTree = "<group>";
		};
		FB35A0D62BB40D5200F3C5CD /* WeatherApp */ = {
			isa = PBXGroup;
			children = (
				FB35A11D2BB81F5300F3C5CD /* Persistance */,
				FB35A0FE2BB462D200F3C5CD /* Helper */,
				FB35A0ED2BB4169B00F3C5CD /* Constants */,
				FB35A0E72BB410AD00F3C5CD /* WeatherSearch */,
				FB35A1092BB5764300F3C5CD /* WeatherDetails */,
				FB35A0D72BB40D5200F3C5CD /* WeatherAppApp.swift */,
				FB35A0DD2BB40D5300F3C5CD /* Assets.xcassets */,
				FB35A0DF2BB40D5300F3C5CD /* Preview Content */,
			);
			path = WeatherApp;
			sourceTree = "<group>";
		};
		FB35A0DF2BB40D5300F3C5CD /* Preview Content */ = {
			isa = PBXGroup;
			children = (
				FB35A0E02BB40D5300F3C5CD /* Preview Assets.xcassets */,
			);
			path = "Preview Content";
			sourceTree = "<group>";
		};
		FB35A0E72BB410AD00F3C5CD /* WeatherSearch */ = {
			isa = PBXGroup;
			children = (
				FB35A1082BB4664A00F3C5CD /* Views */,
				FB35A1072BB4662900F3C5CD /* Model */,
				FB35A0F72BB460D700F3C5CD /* WeatherSearchRepository.swift */,
				FB35A1052BB4658600F3C5CD /* WeatherSearchInjectables.swift */,
			);
			path = WeatherSearch;
			sourceTree = "<group>";
		};
		FB35A0E82BB410C000F3C5CD /* View+ViewModel */ = {
			isa = PBXGroup;
			children = (
				FB35A0EB2BB410FA00F3C5CD /* WeatherSearchView.swift */,
				FB35A0F52BB4452F00F3C5CD /* WeatherSearchViewModel.swift */,
			);
			path = "View+ViewModel";
			sourceTree = "<group>";
		};
		FB35A0ED2BB4169B00F3C5CD /* Constants */ = {
			isa = PBXGroup;
			children = (
				FB35A0EE2BB416CC00F3C5CD /* Localization.swift */,
				FB35A1012BB4633800F3C5CD /* NetworkConstants.swift */,
			);
			path = Constants;
			sourceTree = "<group>";
		};
		FB35A0F02BB443A000F3C5CD /* Cells */ = {
			isa = PBXGroup;
			children = (
				FB35A0F12BB443FC00F3C5CD /* WeatherCityInfoCard.swift */,
				FB35A0F32BB4445400F3C5CD /* CityNameCard.swift */,
			);
			path = Cells;
			sourceTree = "<group>";
		};
		FB35A0FE2BB462D200F3C5CD /* Helper */ = {
			isa = PBXGroup;
			children = (
				FB35A0FF2BB462E700F3C5CD /* CommonExtentions.swift */,
				FB35A1032BB4650700F3C5CD /* DependencyInjection.swift */,
			);
			path = Helper;
			sourceTree = "<group>";
		};
		FB35A1072BB4662900F3C5CD /* Model */ = {
			isa = PBXGroup;
			children = (
				FB35A0FC2BB4623B00F3C5CD /* WeatherLocation.swift */,
			);
			path = Model;
			sourceTree = "<group>";
		};
		FB35A1082BB4664A00F3C5CD /* Views */ = {
			isa = PBXGroup;
			children = (
				FB35A0E82BB410C000F3C5CD /* View+ViewModel */,
				FB35A0F02BB443A000F3C5CD /* Cells */,
			);
			path = Views;
			sourceTree = "<group>";
		};
		FB35A1092BB5764300F3C5CD /* WeatherDetails */ = {
			isa = PBXGroup;
			children = (
				FB9DCB042BB9DF6B00B96AA6 /* Views */,
				FB35A1212BB829A000F3C5CD /* Model */,
				FB35A11F2BB824EC00F3C5CD /* WeatherDetailsRepository.swift */,
				FB35A1242BB82AC800F3C5CD /* WeatherDetailInjectables.swift */,
			);
			path = WeatherDetails;
			sourceTree = "<group>";
		};
		FB35A1102BB6E7E600F3C5CD /* Cells */ = {
			isa = PBXGroup;
			children = (
				FB35A10E2BB5C25800F3C5CD /* FutureForecastGroupView.swift */,
				FB35A10C2BB5B51F00F3C5CD /* HeaderView.swift */,
				FB35A1112BB6E7FD00F3C5CD /* PrecipitationInfoView.swift */,
				FB35A1132BB6F2CE00F3C5CD /* WindInfoView.swift */,
				FB35A1152BB6F38A00F3C5CD /* UVIndexInfoView.swift */,
				FB35A1172BB6F3DB00F3C5CD /* SunSetRiseInfoView.swift */,
				FB35A1192BB7F28A00F3C5CD /* AlertInfoView.swift */,
			);
			path = Cells;
			sourceTree = "<group>";
		};
		FB35A11D2BB81F5300F3C5CD /* Persistance */ = {
			isa = PBXGroup;
			children = (
				FB35A11E2BB81F6200F3C5CD /* Model */,
			);
			path = Persistance;
			sourceTree = "<group>";
		};
		FB35A11E2BB81F6200F3C5CD /* Model */ = {
			isa = PBXGroup;
			children = (
			);
			path = Model;
			sourceTree = "<group>";
		};
		FB35A1212BB829A000F3C5CD /* Model */ = {
			isa = PBXGroup;
			children = (
				FB35A1222BB829B600F3C5CD /* WeatherDetailResponse.swift */,
				FB35A1262BB88CBB00F3C5CD /* DataModels.swift */,
			);
			path = Model;
			sourceTree = "<group>";
		};
		FB9DCB042BB9DF6B00B96AA6 /* Views */ = {
			isa = PBXGroup;
			children = (
				FB35A1102BB6E7E600F3C5CD /* Cells */,
				FB9DCB052BB9DF7800B96AA6 /* View+ViewModels */,
			);
			path = Views;
			sourceTree = "<group>";
		};
		FB9DCB052BB9DF7800B96AA6 /* View+ViewModels */ = {
			isa = PBXGroup;
			children = (
				FB35A10A2BB5766800F3C5CD /* WeatherDetailsView.swift */,
				FB35A11B2BB7FDA400F3C5CD /* WeatherDetailsViewModel.swift */,
			);
			path = "View+ViewModels";
			sourceTree = "<group>";
		};
/* End PBXGroup section */

/* Begin PBXNativeTarget section */
		FB35A0D32BB40D5200F3C5CD /* WeatherApp */ = {
			isa = PBXNativeTarget;
			buildConfigurationList = FB35A0E42BB40D5300F3C5CD /* Build configuration list for PBXNativeTarget "WeatherApp" */;
			buildPhases = (
				FB35A0D02BB40D5200F3C5CD /* Sources */,
				FB35A0D12BB40D5200F3C5CD /* Frameworks */,
				FB35A0D22BB40D5200F3C5CD /* Resources */,
			);
			buildRules = (
			);
			dependencies = (
			);
			name = WeatherApp;
			packageProductDependencies = (
				FB35A0FA2BB460F900F3C5CD /* Jaal */,
			);
			productName = WeatherApp;
			productReference = FB35A0D42BB40D5200F3C5CD /* WeatherApp.app */;
			productType = "com.apple.product-type.application";
		};
/* End PBXNativeTarget section */

/* Begin PBXProject section */
		FB35A0CC2BB40D5200F3C5CD /* Project object */ = {
			isa = PBXProject;
			attributes = {
				BuildIndependentTargetsInParallel = 1;
				LastSwiftUpdateCheck = 1520;
				LastUpgradeCheck = 1520;
				TargetAttributes = {
					FB35A0D32BB40D5200F3C5CD = {
						CreatedOnToolsVersion = 15.2;
					};
				};
			};
			buildConfigurationList = FB35A0CF2BB40D5200F3C5CD /* Build configuration list for PBXProject "WeatherApp" */;
			compatibilityVersion = "Xcode 14.0";
			developmentRegion = en;
			hasScannedForEncodings = 0;
			knownRegions = (
				en,
				Base,
			);
			mainGroup = FB35A0CB2BB40D5200F3C5CD;
			packageReferences = (
				FB35A0F92BB460F900F3C5CD /* XCRemoteSwiftPackageReference "Jaal" */,
			);
			productRefGroup = FB35A0D52BB40D5200F3C5CD /* Products */;
			projectDirPath = "";
			projectRoot = "";
			targets = (
				FB35A0D32BB40D5200F3C5CD /* WeatherApp */,
			);
		};
/* End PBXProject section */

/* Begin PBXResourcesBuildPhase section */
		FB35A0D22BB40D5200F3C5CD /* Resources */ = {
			isa = PBXResourcesBuildPhase;
			buildActionMask = 2147483647;
			files = (
				FB35A0E12BB40D5300F3C5CD /* Preview Assets.xcassets in Resources */,
				FB35A0DE2BB40D5300F3C5CD /* Assets.xcassets in Resources */,
			);
			runOnlyForDeploymentPostprocessing = 0;
		};
/* End PBXResourcesBuildPhase section */

/* Begin PBXSourcesBuildPhase section */
		FB35A0D02BB40D5200F3C5CD /* Sources */ = {
			isa = PBXSourcesBuildPhase;
			buildActionMask = 2147483647;
			files = (
				FB35A1272BB88CBB00F3C5CD /* DataModels.swift in Sources */,
				FB35A1142BB6F2CE00F3C5CD /* WindInfoView.swift in Sources */,
				FB35A1022BB4633800F3C5CD /* NetworkConstants.swift in Sources */,
				FB35A0EC2BB410FA00F3C5CD /* WeatherSearchView.swift in Sources */,
				FB35A1042BB4650700F3C5CD /* DependencyInjection.swift in Sources */,
				FB35A1002BB462E700F3C5CD /* CommonExtentions.swift in Sources */,
				FB35A1122BB6E7FD00F3C5CD /* PrecipitationInfoView.swift in Sources */,
				FB35A1182BB6F3DB00F3C5CD /* SunSetRiseInfoView.swift in Sources */,
				FB35A1202BB824EC00F3C5CD /* WeatherDetailsRepository.swift in Sources */,
				FB35A11A2BB7F28A00F3C5CD /* AlertInfoView.swift in Sources */,
				FB35A1162BB6F38A00F3C5CD /* UVIndexInfoView.swift in Sources */,
				FB35A1252BB82AC800F3C5CD /* WeatherDetailInjectables.swift in Sources */,
				FB35A0F62BB4452F00F3C5CD /* WeatherSearchViewModel.swift in Sources */,
				FB35A11C2BB7FDA400F3C5CD /* WeatherDetailsViewModel.swift in Sources */,
				FB35A0F22BB443FC00F3C5CD /* WeatherCityInfoCard.swift in Sources */,
				FB35A0EF2BB416CC00F3C5CD /* Localization.swift in Sources */,
				FB35A1062BB4658600F3C5CD /* WeatherSearchInjectables.swift in Sources */,
				FB35A0F42BB4445400F3C5CD /* CityNameCard.swift in Sources */,
				FB35A0FD2BB4623B00F3C5CD /* WeatherLocation.swift in Sources */,
				FB35A1232BB829B600F3C5CD /* WeatherDetailResponse.swift in Sources */,
				FB35A0F82BB460D700F3C5CD /* WeatherSearchRepository.swift in Sources */,
				FB35A0D82BB40D5200F3C5CD /* WeatherAppApp.swift in Sources */,
				FB35A10B2BB5766800F3C5CD /* WeatherDetailsView.swift in Sources */,
				FB35A10D2BB5B51F00F3C5CD /* HeaderView.swift in Sources */,
				FB35A10F2BB5C25800F3C5CD /* FutureForecastGroupView.swift in Sources */,
			);
			runOnlyForDeploymentPostprocessing = 0;
		};
/* End PBXSourcesBuildPhase section */

/* Begin XCBuildConfiguration section */
		FB35A0E22BB40D5300F3C5CD /* Debug */ = {
			isa = XCBuildConfiguration;
			buildSettings = {
				ALWAYS_SEARCH_USER_PATHS = NO;
				ASSETCATALOG_COMPILER_GENERATE_SWIFT_ASSET_SYMBOL_EXTENSIONS = YES;
				CLANG_ANALYZER_NONNULL = YES;
				CLANG_ANALYZER_NUMBER_OBJECT_CONVERSION = YES_AGGRESSIVE;
				CLANG_CXX_LANGUAGE_STANDARD = "gnu++20";
				CLANG_ENABLE_MODULES = YES;
				CLANG_ENABLE_OBJC_ARC = YES;
				CLANG_ENABLE_OBJC_WEAK = YES;
				CLANG_WARN_BLOCK_CAPTURE_AUTORELEASING = YES;
				CLANG_WARN_BOOL_CONVERSION = YES;
				CLANG_WARN_COMMA = YES;
				CLANG_WARN_CONSTANT_CONVERSION = YES;
				CLANG_WARN_DEPRECATED_OBJC_IMPLEMENTATIONS = YES;
				CLANG_WARN_DIRECT_OBJC_ISA_USAGE = YES_ERROR;
				CLANG_WARN_DOCUMENTATION_COMMENTS = YES;
				CLANG_WARN_EMPTY_BODY = YES;
				CLANG_WARN_ENUM_CONVERSION = YES;
				CLANG_WARN_INFINITE_RECURSION = YES;
				CLANG_WARN_INT_CONVERSION = YES;
				CLANG_WARN_NON_LITERAL_NULL_CONVERSION = YES;
				CLANG_WARN_OBJC_IMPLICIT_RETAIN_SELF = YES;
				CLANG_WARN_OBJC_LITERAL_CONVERSION = YES;
				CLANG_WARN_OBJC_ROOT_CLASS = YES_ERROR;
				CLANG_WARN_QUOTED_INCLUDE_IN_FRAMEWORK_HEADER = YES;
				CLANG_WARN_RANGE_LOOP_ANALYSIS = YES;
				CLANG_WARN_STRICT_PROTOTYPES = YES;
				CLANG_WARN_SUSPICIOUS_MOVE = YES;
				CLANG_WARN_UNGUARDED_AVAILABILITY = YES_AGGRESSIVE;
				CLANG_WARN_UNREACHABLE_CODE = YES;
				CLANG_WARN__DUPLICATE_METHOD_MATCH = YES;
				COPY_PHASE_STRIP = NO;
				DEBUG_INFORMATION_FORMAT = dwarf;
				ENABLE_STRICT_OBJC_MSGSEND = YES;
				ENABLE_TESTABILITY = YES;
				ENABLE_USER_SCRIPT_SANDBOXING = YES;
				GCC_C_LANGUAGE_STANDARD = gnu17;
				GCC_DYNAMIC_NO_PIC = NO;
				GCC_NO_COMMON_BLOCKS = YES;
				GCC_OPTIMIZATION_LEVEL = 0;
				GCC_PREPROCESSOR_DEFINITIONS = (
					"DEBUG=1",
					"$(inherited)",
				);
				GCC_WARN_64_TO_32_BIT_CONVERSION = YES;
				GCC_WARN_ABOUT_RETURN_TYPE = YES_ERROR;
				GCC_WARN_UNDECLARED_SELECTOR = YES;
				GCC_WARN_UNINITIALIZED_AUTOS = YES_AGGRESSIVE;
				GCC_WARN_UNUSED_FUNCTION = YES;
				GCC_WARN_UNUSED_VARIABLE = YES;
				IPHONEOS_DEPLOYMENT_TARGET = 17.2;
				LOCALIZATION_PREFERS_STRING_CATALOGS = YES;
				MTL_ENABLE_DEBUG_INFO = INCLUDE_SOURCE;
				MTL_FAST_MATH = YES;
				ONLY_ACTIVE_ARCH = YES;
				SDKROOT = iphoneos;
				SWIFT_ACTIVE_COMPILATION_CONDITIONS = "DEBUG $(inherited)";
				SWIFT_OPTIMIZATION_LEVEL = "-Onone";
			};
			name = Debug;
		};
		FB35A0E32BB40D5300F3C5CD /* Release */ = {
			isa = XCBuildConfiguration;
			buildSettings = {
				ALWAYS_SEARCH_USER_PATHS = NO;
				ASSETCATALOG_COMPILER_GENERATE_SWIFT_ASSET_SYMBOL_EXTENSIONS = YES;
				CLANG_ANALYZER_NONNULL = YES;
				CLANG_ANALYZER_NUMBER_OBJECT_CONVERSION = YES_AGGRESSIVE;
				CLANG_CXX_LANGUAGE_STANDARD = "gnu++20";
				CLANG_ENABLE_MODULES = YES;
				CLANG_ENABLE_OBJC_ARC = YES;
				CLANG_ENABLE_OBJC_WEAK = YES;
				CLANG_WARN_BLOCK_CAPTURE_AUTORELEASING = YES;
				CLANG_WARN_BOOL_CONVERSION = YES;
				CLANG_WARN_COMMA = YES;
				CLANG_WARN_CONSTANT_CONVERSION = YES;
				CLANG_WARN_DEPRECATED_OBJC_IMPLEMENTATIONS = YES;
				CLANG_WARN_DIRECT_OBJC_ISA_USAGE = YES_ERROR;
				CLANG_WARN_DOCUMENTATION_COMMENTS = YES;
				CLANG_WARN_EMPTY_BODY = YES;
				CLANG_WARN_ENUM_CONVERSION = YES;
				CLANG_WARN_INFINITE_RECURSION = YES;
				CLANG_WARN_INT_CONVERSION = YES;
				CLANG_WARN_NON_LITERAL_NULL_CONVERSION = YES;
				CLANG_WARN_OBJC_IMPLICIT_RETAIN_SELF = YES;
				CLANG_WARN_OBJC_LITERAL_CONVERSION = YES;
				CLANG_WARN_OBJC_ROOT_CLASS = YES_ERROR;
				CLANG_WARN_QUOTED_INCLUDE_IN_FRAMEWORK_HEADER = YES;
				CLANG_WARN_RANGE_LOOP_ANALYSIS = YES;
				CLANG_WARN_STRICT_PROTOTYPES = YES;
				CLANG_WARN_SUSPICIOUS_MOVE = YES;
				CLANG_WARN_UNGUARDED_AVAILABILITY = YES_AGGRESSIVE;
				CLANG_WARN_UNREACHABLE_CODE = YES;
				CLANG_WARN__DUPLICATE_METHOD_MATCH = YES;
				COPY_PHASE_STRIP = NO;
				DEBUG_INFORMATION_FORMAT = "dwarf-with-dsym";
				ENABLE_NS_ASSERTIONS = NO;
				ENABLE_STRICT_OBJC_MSGSEND = YES;
				ENABLE_USER_SCRIPT_SANDBOXING = YES;
				GCC_C_LANGUAGE_STANDARD = gnu17;
				GCC_NO_COMMON_BLOCKS = YES;
				GCC_WARN_64_TO_32_BIT_CONVERSION = YES;
				GCC_WARN_ABOUT_RETURN_TYPE = YES_ERROR;
				GCC_WARN_UNDECLARED_SELECTOR = YES;
				GCC_WARN_UNINITIALIZED_AUTOS = YES_AGGRESSIVE;
				GCC_WARN_UNUSED_FUNCTION = YES;
				GCC_WARN_UNUSED_VARIABLE = YES;
				IPHONEOS_DEPLOYMENT_TARGET = 17.2;
				LOCALIZATION_PREFERS_STRING_CATALOGS = YES;
				MTL_ENABLE_DEBUG_INFO = NO;
				MTL_FAST_MATH = YES;
				SDKROOT = iphoneos;
				SWIFT_COMPILATION_MODE = wholemodule;
				VALIDATE_PRODUCT = YES;
			};
			name = Release;
		};
		FB35A0E52BB40D5300F3C5CD /* Debug */ = {
			isa = XCBuildConfiguration;
			buildSettings = {
				ASSETCATALOG_COMPILER_APPICON_NAME = AppIcon;
				ASSETCATALOG_COMPILER_GLOBAL_ACCENT_COLOR_NAME = AccentColor;
				CODE_SIGN_STYLE = Automatic;
				CURRENT_PROJECT_VERSION = 1;
				DEVELOPMENT_ASSET_PATHS = "\"WeatherApp/Preview Content\"";
				DEVELOPMENT_TEAM = PKHFF65H4C;
				ENABLE_PREVIEWS = YES;
				GENERATE_INFOPLIST_FILE = YES;
				INFOPLIST_KEY_UIApplicationSceneManifest_Generation = YES;
				INFOPLIST_KEY_UIApplicationSupportsIndirectInputEvents = YES;
				INFOPLIST_KEY_UILaunchScreen_Generation = YES;
				INFOPLIST_KEY_UISupportedInterfaceOrientations_iPad = "UIInterfaceOrientationPortrait UIInterfaceOrientationPortraitUpsideDown UIInterfaceOrientationLandscapeLeft UIInterfaceOrientationLandscapeRight";
				INFOPLIST_KEY_UISupportedInterfaceOrientations_iPhone = "UIInterfaceOrientationPortrait UIInterfaceOrientationLandscapeLeft UIInterfaceOrientationLandscapeRight";
				LD_RUNPATH_SEARCH_PATHS = (
					"$(inherited)",
					"@executable_path/Frameworks",
				);
				MARKETING_VERSION = 1.0;
				PRODUCT_BUNDLE_IDENTIFIER = weather.app.WeatherApp;
				PRODUCT_NAME = "$(TARGET_NAME)";
				SWIFT_EMIT_LOC_STRINGS = YES;
				SWIFT_VERSION = 5.0;
				TARGETED_DEVICE_FAMILY = "1,2";
			};
			name = Debug;
		};
		FB35A0E62BB40D5300F3C5CD /* Release */ = {
			isa = XCBuildConfiguration;
			buildSettings = {
				ASSETCATALOG_COMPILER_APPICON_NAME = AppIcon;
				ASSETCATALOG_COMPILER_GLOBAL_ACCENT_COLOR_NAME = AccentColor;
				CODE_SIGN_STYLE = Automatic;
				CURRENT_PROJECT_VERSION = 1;
				DEVELOPMENT_ASSET_PATHS = "\"WeatherApp/Preview Content\"";
				DEVELOPMENT_TEAM = PKHFF65H4C;
				ENABLE_PREVIEWS = YES;
				GENERATE_INFOPLIST_FILE = YES;
				INFOPLIST_KEY_UIApplicationSceneManifest_Generation = YES;
				INFOPLIST_KEY_UIApplicationSupportsIndirectInputEvents = YES;
				INFOPLIST_KEY_UILaunchScreen_Generation = YES;
				INFOPLIST_KEY_UISupportedInterfaceOrientations_iPad = "UIInterfaceOrientationPortrait UIInterfaceOrientationPortraitUpsideDown UIInterfaceOrientationLandscapeLeft UIInterfaceOrientationLandscapeRight";
				INFOPLIST_KEY_UISupportedInterfaceOrientations_iPhone = "UIInterfaceOrientationPortrait UIInterfaceOrientationLandscapeLeft UIInterfaceOrientationLandscapeRight";
				LD_RUNPATH_SEARCH_PATHS = (
					"$(inherited)",
					"@executable_path/Frameworks",
				);
				MARKETING_VERSION = 1.0;
				PRODUCT_BUNDLE_IDENTIFIER = weather.app.WeatherApp;
				PRODUCT_NAME = "$(TARGET_NAME)";
				SWIFT_EMIT_LOC_STRINGS = YES;
				SWIFT_VERSION = 5.0;
				TARGETED_DEVICE_FAMILY = "1,2";
			};
			name = Release;
		};
/* End XCBuildConfiguration section */

/* Begin XCConfigurationList section */
		FB35A0CF2BB40D5200F3C5CD /* Build configuration list for PBXProject "WeatherApp" */ = {
			isa = XCConfigurationList;
			buildConfigurations = (
				FB35A0E22BB40D5300F3C5CD /* Debug */,
				FB35A0E32BB40D5300F3C5CD /* Release */,
			);
			defaultConfigurationIsVisible = 0;
			defaultConfigurationName = Release;
		};
		FB35A0E42BB40D5300F3C5CD /* Build configuration list for PBXNativeTarget "WeatherApp" */ = {
			isa = XCConfigurationList;
			buildConfigurations = (
				FB35A0E52BB40D5300F3C5CD /* Debug */,
				FB35A0E62BB40D5300F3C5CD /* Release */,
			);
			defaultConfigurationIsVisible = 0;
			defaultConfigurationName = Release;
		};
/* End XCConfigurationList section */

/* Begin XCRemoteSwiftPackageReference section */
		FB35A0F92BB460F900F3C5CD /* XCRemoteSwiftPackageReference "Jaal" */ = {
			isa = XCRemoteSwiftPackageReference;
			repositoryURL = "https://github.com/iampriyadarshan/Jaal";
			requirement = {
				branch = main;
				kind = branch;
			};
		};
/* End XCRemoteSwiftPackageReference section */

/* Begin XCSwiftPackageProductDependency section */
		FB35A0FA2BB460F900F3C5CD /* Jaal */ = {
			isa = XCSwiftPackageProductDependency;
			package = FB35A0F92BB460F900F3C5CD /* XCRemoteSwiftPackageReference "Jaal" */;
			productName = Jaal;
		};
/* End XCSwiftPackageProductDependency section */
	};
	rootObject = FB35A0CC2BB40D5200F3C5CD /* Project object */;
}
